
Microsoft Visual Studio Solution File, Format Version 12.00
# Visual Studio Version 16
VisualStudioVersion = 16.0.30804.86
MinimumVisualStudioVersion = 10.0.40219.1
Project("{FAE04EC0-301F-11D3-BF4B-00C04F79EFBC}") = "task1", "task1\task1.csproj", "{DEA4C298-CAB4-464D-AFA3-A00DCA2754AD}"
EndProject
Global
	GlobalSection(SolutionConfigurationPlatforms) = preSolution
		Debug|Any CPU = Debug|Any CPU
		Release|Any CPU = Release|Any CPU
	EndGlobalSection
	GlobalSection(ProjectConfigurationPlatforms) = postSolution
		{DEA4C298-CAB4-464D-AFA3-A00DCA2754AD}.Debug|Any CPU.ActiveCfg = Debug|Any CPU
		{DEA4C298-CAB4-464D-AFA3-A00DCA2754AD}.Debug|Any CPU.Build.0 = Debug|Any CPU
		{DEA4C298-CAB4-464D-AFA3-A00DCA2754AD}.Release|Any CPU.ActiveCfg = Release|Any CPU
		{DEA4C298-CAB4-464D-AFA3-A00DCA2754AD}.Release|Any CPU.Build.0 = Release|Any CPU
	EndGlobalSection
	GlobalSection(SolutionProperties) = preSolution
		HideSolutionNode = FALSE
	EndGlobalSection
	GlobalSection(ExtensibilityGlobals) = postSolution
		SolutionGuid = {2900CF9F-17FD-456D-8EC6-9116983F0EDA}
	EndGlobalSection
EndGlobal
