
Microsoft Visual Studio Solution File, Format Version 12.00
# Visual Studio Version 16
VisualStudioVersion = 16.0.30225.117
MinimumVisualStudioVersion = 10.0.40219.1
Project("{FAE04EC0-301F-11D3-BF4B-00C04F79EFBC}") = "epam2", "epam2\epam2.csproj", "{D3C0B376-6E75-4F33-A5AB-22DD57B942A9}"
EndProject
Global
	GlobalSection(SolutionConfigurationPlatforms) = preSolution
		Debug|Any CPU = Debug|Any CPU
		Release|Any CPU = Release|Any CPU
	EndGlobalSection
	GlobalSection(ProjectConfigurationPlatforms) = postSolution
		{D3C0B376-6E75-4F33-A5AB-22DD57B942A9}.Debug|Any CPU.ActiveCfg = Debug|Any CPU
		{D3C0B376-6E75-4F33-A5AB-22DD57B942A9}.Debug|Any CPU.Build.0 = Debug|Any CPU
		{D3C0B376-6E75-4F33-A5AB-22DD57B942A9}.Release|Any CPU.ActiveCfg = Release|Any CPU
		{D3C0B376-6E75-4F33-A5AB-22DD57B942A9}.Release|Any CPU.Build.0 = Release|Any CPU
	EndGlobalSection
	GlobalSection(SolutionProperties) = preSolution
		HideSolutionNode = FALSE
	EndGlobalSection
	GlobalSection(ExtensibilityGlobals) = postSolution
		SolutionGuid = {FF5EC308-B297-414A-945A-0F82914BC250}
	EndGlobalSection
EndGlobal
